
Microsoft Visual Studio Solution File, Format Version 12.00
# Visual Studio 15
VisualStudioVersion = 15.0.27004.2010
MinimumVisualStudioVersion = 10.0.40219.1
Project("{FAE04EC0-301F-11D3-BF4B-00C04F79EFBC}") = "Dal", "Sources\Dal\Dal.csproj", "{A4FB66FC-711D-46A1-9484-E82C56D55E7B}"
EndProject
Project("{FAE04EC0-301F-11D3-BF4B-00C04F79EFBC}") = "Math.Kernel", "Sources\Math.Kernel\Math.Kernel.csproj", "{CD945A26-A184-43F4-9B9C-E45715BC30C1}"
EndProject
Global
	GlobalSection(SolutionConfigurationPlatforms) = preSolution
		Debug|Any CPU = Debug|Any CPU
		NUnit|Any CPU = NUnit|Any CPU
		Release|Any CPU = Release|Any CPU
		vasiliy.stan|Any CPU = vasiliy.stan|Any CPU
	EndGlobalSection
	GlobalSection(ProjectConfigurationPlatforms) = postSolution
		{A4FB66FC-711D-46A1-9484-E82C56D55E7B}.Debug|Any CPU.ActiveCfg = Debug|Any CPU
		{A4FB66FC-711D-46A1-9484-E82C56D55E7B}.Debug|Any CPU.Build.0 = Debug|Any CPU
		{A4FB66FC-711D-46A1-9484-E82C56D55E7B}.NUnit|Any CPU.ActiveCfg = NUnit|Any CPU
		{A4FB66FC-711D-46A1-9484-E82C56D55E7B}.NUnit|Any CPU.Build.0 = NUnit|Any CPU
		{A4FB66FC-711D-46A1-9484-E82C56D55E7B}.Release|Any CPU.ActiveCfg = Release|Any CPU
		{A4FB66FC-711D-46A1-9484-E82C56D55E7B}.Release|Any CPU.Build.0 = Release|Any CPU
		{A4FB66FC-711D-46A1-9484-E82C56D55E7B}.vasiliy.stan|Any CPU.ActiveCfg = vasiliy.stan|Any CPU
		{A4FB66FC-711D-46A1-9484-E82C56D55E7B}.vasiliy.stan|Any CPU.Build.0 = vasiliy.stan|Any CPU
		{CD945A26-A184-43F4-9B9C-E45715BC30C1}.Debug|Any CPU.ActiveCfg = Debug|Any CPU
		{CD945A26-A184-43F4-9B9C-E45715BC30C1}.Debug|Any CPU.Build.0 = Debug|Any CPU
		{CD945A26-A184-43F4-9B9C-E45715BC30C1}.NUnit|Any CPU.ActiveCfg = NUnit|Any CPU
		{CD945A26-A184-43F4-9B9C-E45715BC30C1}.NUnit|Any CPU.Build.0 = NUnit|Any CPU
		{CD945A26-A184-43F4-9B9C-E45715BC30C1}.Release|Any CPU.ActiveCfg = Release|Any CPU
		{CD945A26-A184-43F4-9B9C-E45715BC30C1}.Release|Any CPU.Build.0 = Release|Any CPU
		{CD945A26-A184-43F4-9B9C-E45715BC30C1}.vasiliy.stan|Any CPU.ActiveCfg = vasiliy.stan|Any CPU
		{CD945A26-A184-43F4-9B9C-E45715BC30C1}.vasiliy.stan|Any CPU.Build.0 = vasiliy.stan|Any CPU
	EndGlobalSection
	GlobalSection(SolutionProperties) = preSolution
		HideSolutionNode = FALSE
	EndGlobalSection
	GlobalSection(ExtensibilityGlobals) = postSolution
		SolutionGuid = {DE9E4635-F202-4E6C-8125-3D088B7EE3BA}
	EndGlobalSection
EndGlobal
